// !$*UTF8*$!
{
	archiveVersion = 1;
	classes = {
	};
	objectVersion = 56;
	objects = {

/* Begin PBXBuildFile section */
		D87B9BE1287369E100E2D3EF /* SettingsView.swift in Sources */ = {isa = PBXBuildFile; fileRef = D87B9BE0287369E100E2D3EF /* SettingsView.swift */; };
		D87B9BE32873766000E2D3EF /* testView.swift in Sources */ = {isa = PBXBuildFile; fileRef = D87B9BE22873766000E2D3EF /* testView.swift */; };
		D87B9BE52873780900E2D3EF /* houseView.swift in Sources */ = {isa = PBXBuildFile; fileRef = D87B9BE42873780900E2D3EF /* houseView.swift */; };
		D87B9BE828737C0C00E2D3EF /* systemThemeManager.swift in Sources */ = {isa = PBXBuildFile; fileRef = D87B9BE728737C0C00E2D3EF /* systemThemeManager.swift */; };
		D87B9BEC287387AD00E2D3EF /* chatToTextView.swift in Sources */ = {isa = PBXBuildFile; fileRef = D87B9BEB287387AD00E2D3EF /* chatToTextView.swift */; };
		D87B9BEE2874B79B00E2D3EF /* botView.swift in Sources */ = {isa = PBXBuildFile; fileRef = D87B9BED2874B79B00E2D3EF /* botView.swift */; };
		D87B9BF02874BA4200E2D3EF /* botResponse.swift in Sources */ = {isa = PBXBuildFile; fileRef = D87B9BEF2874BA4200E2D3EF /* botResponse.swift */; };
		D87B9BF3287747AD00E2D3EF /* dataTestView.swift in Sources */ = {isa = PBXBuildFile; fileRef = D87B9BF2287747AD00E2D3EF /* dataTestView.swift */; };
		D87B9BF62879DFC400E2D3EF /* formModel.swift in Sources */ = {isa = PBXBuildFile; fileRef = D87B9BF52879DFC400E2D3EF /* formModel.swift */; };
		D87B9BF82879E14700E2D3EF /* formManage.swift in Sources */ = {isa = PBXBuildFile; fileRef = D87B9BF72879E14700E2D3EF /* formManage.swift */; };
		D87B9BFA2879E3A600E2D3EF /* formView.swift in Sources */ = {isa = PBXBuildFile; fileRef = D87B9BF92879E3A600E2D3EF /* formView.swift */; };
		D87B9BFC287A01CD00E2D3EF /* loginFormManager.swift in Sources */ = {isa = PBXBuildFile; fileRef = D87B9BFB287A01CD00E2D3EF /* loginFormManager.swift */; };
		D87E2FCD285913C000735AF7 /* Kier_Nathan_RewindApp.swift in Sources */ = {isa = PBXBuildFile; fileRef = D87E2FCC285913C000735AF7 /* Kier_Nathan_RewindApp.swift */; };
		D87E2FCF285913C000735AF7 /* ContentView.swift in Sources */ = {isa = PBXBuildFile; fileRef = D87E2FCE285913C000735AF7 /* ContentView.swift */; };
		D87E2FD1285913C200735AF7 /* Assets.xcassets in Resources */ = {isa = PBXBuildFile; fileRef = D87E2FD0285913C200735AF7 /* Assets.xcassets */; };
		D87E2FD4285913C200735AF7 /* Preview Assets.xcassets in Resources */ = {isa = PBXBuildFile; fileRef = D87E2FD3285913C200735AF7 /* Preview Assets.xcassets */; };
		D87E2FDC2859141700735AF7 /* homeView.swift in Sources */ = {isa = PBXBuildFile; fileRef = D87E2FDB2859141700735AF7 /* homeView.swift */; };
		D87E2FDE2859144C00735AF7 /* circleImage.swift in Sources */ = {isa = PBXBuildFile; fileRef = D87E2FDD2859144C00735AF7 /* circleImage.swift */; };
		D87E2FE02859146700735AF7 /* mapView.swift in Sources */ = {isa = PBXBuildFile; fileRef = D87E2FDF2859146700735AF7 /* mapView.swift */; };
		D87E2FE22859148B00735AF7 /* accountView.swift in Sources */ = {isa = PBXBuildFile; fileRef = D87E2FE12859148B00735AF7 /* accountView.swift */; };
		D87E2FE5285914B500735AF7 /* Theme.swift in Sources */ = {isa = PBXBuildFile; fileRef = D87E2FE4285914B500735AF7 /* Theme.swift */; };
		D87E2FE7285914D800735AF7 /* DailyChat.swift in Sources */ = {isa = PBXBuildFile; fileRef = D87E2FE6285914D800735AF7 /* DailyChat.swift */; };
		D87E2FE92859150800735AF7 /* AVPlayer+Ding.swift in Sources */ = {isa = PBXBuildFile; fileRef = D87E2FE82859150800735AF7 /* AVPlayer+Ding.swift */; };
		D87E2FEB2859152900735AF7 /* ChatTimer.swift in Sources */ = {isa = PBXBuildFile; fileRef = D87E2FEA2859152900735AF7 /* ChatTimer.swift */; };
		D87E2FED2859156900735AF7 /* ChatProgressViewStyle.swift in Sources */ = {isa = PBXBuildFile; fileRef = D87E2FEC2859156900735AF7 /* ChatProgressViewStyle.swift */; };
		D87E2FEF285915BC00735AF7 /* TILS.swift in Sources */ = {isa = PBXBuildFile; fileRef = D87E2FEE285915BC00735AF7 /* TILS.swift */; };
		D87E2FF1285915EA00735AF7 /* CardView.swift in Sources */ = {isa = PBXBuildFile; fileRef = D87E2FF0285915EA00735AF7 /* CardView.swift */; };
		D87E2FF32859160B00735AF7 /* chatsView.swift in Sources */ = {isa = PBXBuildFile; fileRef = D87E2FF22859160B00735AF7 /* chatsView.swift */; };
		D87E2FF52859163100735AF7 /* DetailView.swift in Sources */ = {isa = PBXBuildFile; fileRef = D87E2FF42859163100735AF7 /* DetailView.swift */; };
		D87E2FF72859165700735AF7 /* DetailEditView.swift in Sources */ = {isa = PBXBuildFile; fileRef = D87E2FF62859165700735AF7 /* DetailEditView.swift */; };
		D87E2FF92859167A00735AF7 /* ThemeView.swift in Sources */ = {isa = PBXBuildFile; fileRef = D87E2FF82859167A00735AF7 /* ThemeView.swift */; };
		D87E2FFB2859169700735AF7 /* ThemePicker.swift in Sources */ = {isa = PBXBuildFile; fileRef = D87E2FFA2859169700735AF7 /* ThemePicker.swift */; };
		D87E2FFD285916C600735AF7 /* MeetingHeaderView.swift in Sources */ = {isa = PBXBuildFile; fileRef = D87E2FFC285916C600735AF7 /* MeetingHeaderView.swift */; };
		D87E2FFF285916DD00735AF7 /* MeetingFooterView.swift in Sources */ = {isa = PBXBuildFile; fileRef = D87E2FFE285916DD00735AF7 /* MeetingFooterView.swift */; };
		D87E3001285CD2D100735AF7 /* History.swift in Sources */ = {isa = PBXBuildFile; fileRef = D87E3000285CD2D000735AF7 /* History.swift */; };
		D87E3003285CDB0700735AF7 /* ChatStore.swift in Sources */ = {isa = PBXBuildFile; fileRef = D87E3002285CDB0700735AF7 /* ChatStore.swift */; };
		D87E3005285E34DF00735AF7 /* circleImageDos.swift in Sources */ = {isa = PBXBuildFile; fileRef = D87E3004285E34DF00735AF7 /* circleImageDos.swift */; };
		D87E30072860D02600735AF7 /* errorWrapper.swift in Sources */ = {isa = PBXBuildFile; fileRef = D87E30062860D02600735AF7 /* errorWrapper.swift */; };
		D87E30092860D0CA00735AF7 /* ErrorView.swift in Sources */ = {isa = PBXBuildFile; fileRef = D87E30082860D0CA00735AF7 /* ErrorView.swift */; };
		D87E300D2860D7BE00735AF7 /* ClockView.swift in Sources */ = {isa = PBXBuildFile; fileRef = D87E300C2860D7BE00735AF7 /* ClockView.swift */; };
		D87E300F2860DB1C00735AF7 /* ArcForClock.swift in Sources */ = {isa = PBXBuildFile; fileRef = D87E300E2860DB1C00735AF7 /* ArcForClock.swift */; };
		D87E3011286675DE00735AF7 /* SpeechRecognizer.swift in Sources */ = {isa = PBXBuildFile; fileRef = D87E3010286675DE00735AF7 /* SpeechRecognizer.swift */; };
		D87E301328667ADF00735AF7 /* HistoryView.swift in Sources */ = {isa = PBXBuildFile; fileRef = D87E301228667ADF00735AF7 /* HistoryView.swift */; };
		D87E30152869FD8E00735AF7 /* LogView.swift in Sources */ = {isa = PBXBuildFile; fileRef = D87E30142869FD8E00735AF7 /* LogView.swift */; };
		D88973A329080A430023B18C /* heart.swift in Sources */ = {isa = PBXBuildFile; fileRef = D88973A229080A430023B18C /* heart.swift */; };
		D88973A529080AD80023B18C /* heartGraphView.swift in Sources */ = {isa = PBXBuildFile; fileRef = D88973A429080AD80023B18C /* heartGraphView.swift */; };
		D88973A729080B460023B18C /* heartDataView.swift in Sources */ = {isa = PBXBuildFile; fileRef = D88973A629080B460023B18C /* heartDataView.swift */; };
		D88973A929086A7C0023B18C /* Calorie.swift in Sources */ = {isa = PBXBuildFile; fileRef = D88973A829086A7C0023B18C /* Calorie.swift */; };
		D88973AB290882E00023B18C /* calorieDataView.swift in Sources */ = {isa = PBXBuildFile; fileRef = D88973AA290882E00023B18C /* calorieDataView.swift */; };
		D88973AD290883090023B18C /* calorieGraphView.swift in Sources */ = {isa = PBXBuildFile; fileRef = D88973AC290883090023B18C /* calorieGraphView.swift */; };
		D88AF78B2884A108009A961C /* videoView.swift in Sources */ = {isa = PBXBuildFile; fileRef = D88AF78A2884A107009A961C /* videoView.swift */; };
		D88AF78D2884A5BE009A961C /* VidView.swift in Sources */ = {isa = PBXBuildFile; fileRef = D88AF78C2884A5BE009A961C /* VidView.swift */; };
		D88AF78F288F143E009A961C /* SplashScreenView.swift in Sources */ = {isa = PBXBuildFile; fileRef = D88AF78E288F143E009A961C /* SplashScreenView.swift */; };
		D88AF79328A1270C009A961C /* userArrayView.swift in Sources */ = {isa = PBXBuildFile; fileRef = D88AF79228A1270C009A961C /* userArrayView.swift */; };
		D88AF79728A27234009A961C /* testingarrayView.swift in Sources */ = {isa = PBXBuildFile; fileRef = D88AF79628A27234009A961C /* testingarrayView.swift */; };
		D88AF79928A272F3009A961C /* testingeditView.swift in Sources */ = {isa = PBXBuildFile; fileRef = D88AF79828A272F3009A961C /* testingeditView.swift */; };
		D88AF79E28AAE6C3009A961C /* cameraView.swift in Sources */ = {isa = PBXBuildFile; fileRef = D88AF79D28AAE6C3009A961C /* cameraView.swift */; };
		D88AF7A128AAE94D009A961C /* HealthInfoStore.swift in Sources */ = {isa = PBXBuildFile; fileRef = D88AF7A028AAE94D009A961C /* HealthInfoStore.swift */; };
		D88AF7A328AAEB2D009A961C /* distanceDataView.swift in Sources */ = {isa = PBXBuildFile; fileRef = D88AF7A228AAEB2D009A961C /* distanceDataView.swift */; };
		D88AF7A528AAEDA9009A961C /* GraphView.swift in Sources */ = {isa = PBXBuildFile; fileRef = D88AF7A428AAEDA9009A961C /* GraphView.swift */; };
		D88AF7A728AAEDD2009A961C /* Step.swift in Sources */ = {isa = PBXBuildFile; fileRef = D88AF7A628AAEDD2009A961C /* Step.swift */; };
		D88AF7AA28AAEEB0009A961C /* HealthKit.framework in Frameworks */ = {isa = PBXBuildFile; fileRef = D88AF7A928AAEEB0009A961C /* HealthKit.framework */; };
		D8A5347F299C421F0084BA26 /* intentClassifierversion1.0.mlmodel in Sources */ = {isa = PBXBuildFile; fileRef = D8A5347E299C421F0084BA26 /* intentClassifierversion1.0.mlmodel */; };
		D8B1B3912947A2F10079140E /* contentzView.swift in Sources */ = {isa = PBXBuildFile; fileRef = D8B1B3902947A2F10079140E /* contentzView.swift */; };
		D8B1B394294937A80079140E /* APICall.swift in Sources */ = {isa = PBXBuildFile; fileRef = D8B1B393294937A80079140E /* APICall.swift */; };
		D8B1B39729493A280079140E /* OpenAISwift in Frameworks */ = {isa = PBXBuildFile; productRef = D8B1B39629493A280079140E /* OpenAISwift */; };
		D8B1B39929493E630079140E /* APIcontentView.swift in Sources */ = {isa = PBXBuildFile; fileRef = D8B1B39829493E630079140E /* APIcontentView.swift */; };
		D8B83C0B2976DCCB003C6671 /* dataController.swift in Sources */ = {isa = PBXBuildFile; fileRef = D8B83C0A2976DCCB003C6671 /* dataController.swift */; };
		D8B83C0D2976DFBA003C6671 /* dcView.swift in Sources */ = {isa = PBXBuildFile; fileRef = D8B83C0C2976DFBA003C6671 /* dcView.swift */; };
		D8B83C0F2976F139003C6671 /* todoentryView.swift in Sources */ = {isa = PBXBuildFile; fileRef = D8B83C0E2976F139003C6671 /* todoentryView.swift */; };
		D8B83C112976FA69003C6671 /* fgRatingView.swift in Sources */ = {isa = PBXBuildFile; fileRef = D8B83C102976FA69003C6671 /* fgRatingView.swift */; };
		D8B83C1329770408003C6671 /* detailedTDView.swift in Sources */ = {isa = PBXBuildFile; fileRef = D8B83C1229770408003C6671 /* detailedTDView.swift */; };
		D8C22B0928DCA40E005CA6AE /* moveDataView.swift in Sources */ = {isa = PBXBuildFile; fileRef = D8C22B0828DCA40E005CA6AE /* moveDataView.swift */; };
		D8C22B0B28DCA467005CA6AE /* Mile.swift in Sources */ = {isa = PBXBuildFile; fileRef = D8C22B0A28DCA467005CA6AE /* Mile.swift */; };
		D8C22B0D28DCA5B5005CA6AE /* GraphingView.swift in Sources */ = {isa = PBXBuildFile; fileRef = D8C22B0C28DCA5B5005CA6AE /* GraphingView.swift */; };
		D8C22BDB28DD2177005CA6AE /* Rewind_WatchApp.swift in Sources */ = {isa = PBXBuildFile; fileRef = D8C22BDA28DD2177005CA6AE /* Rewind_WatchApp.swift */; };
		D8C22BDD28DD2177005CA6AE /* ContentView.swift in Sources */ = {isa = PBXBuildFile; fileRef = D8C22BDC28DD2177005CA6AE /* ContentView.swift */; };
		D8C22BDF28DD217A005CA6AE /* Assets.xcassets in Resources */ = {isa = PBXBuildFile; fileRef = D8C22BDE28DD217A005CA6AE /* Assets.xcassets */; };
		D8C22BE228DD217A005CA6AE /* Preview Assets.xcassets in Resources */ = {isa = PBXBuildFile; fileRef = D8C22BE128DD217A005CA6AE /* Preview Assets.xcassets */; };
		D8C22BEC28DD217A005CA6AE /* Rewind_Watch_Watch_AppTests.swift in Sources */ = {isa = PBXBuildFile; fileRef = D8C22BEB28DD217A005CA6AE /* Rewind_Watch_Watch_AppTests.swift */; };
		D8C22BF628DD217B005CA6AE /* Rewind_Watch_Watch_AppUITests.swift in Sources */ = {isa = PBXBuildFile; fileRef = D8C22BF528DD217B005CA6AE /* Rewind_Watch_Watch_AppUITests.swift */; };
		D8C22BF828DD217B005CA6AE /* Rewind_Watch_Watch_AppUITestsLaunchTests.swift in Sources */ = {isa = PBXBuildFile; fileRef = D8C22BF728DD217B005CA6AE /* Rewind_Watch_Watch_AppUITestsLaunchTests.swift */; };
		D8D788312956837600BFBD34 /* textEditorView.swift in Sources */ = {isa = PBXBuildFile; fileRef = D8D788302956837600BFBD34 /* textEditorView.swift */; };
		D8D788332956841100BFBD34 /* ToDoItem.swift in Sources */ = {isa = PBXBuildFile; fileRef = D8D788322956841100BFBD34 /* ToDoItem.swift */; };
		D8D788352956843200BFBD34 /* SceneDelegate.swift in Sources */ = {isa = PBXBuildFile; fileRef = D8D788342956843200BFBD34 /* SceneDelegate.swift */; };
		D8D788372956845A00BFBD34 /* TestToView.swift in Sources */ = {isa = PBXBuildFile; fileRef = D8D788362956845A00BFBD34 /* TestToView.swift */; };
		D8D788392956881400BFBD34 /* CoreData.framework in Frameworks */ = {isa = PBXBuildFile; fileRef = D8D788382956881300BFBD34 /* CoreData.framework */; };
		D8D7883C29568B6000BFBD34 /* testModel.xcdatamodeld in Sources */ = {isa = PBXBuildFile; fileRef = D8D7883A29568B6000BFBD34 /* testModel.xcdatamodeld */; };
		D8FB225B2997C84900B85680 /* testmlView.swift in Sources */ = {isa = PBXBuildFile; fileRef = D8FB225A2997C84900B85680 /* testmlView.swift */; };
		D8FB225D299A6B3D00B85680 /* intentClassifier4.mlmodel in Sources */ = {isa = PBXBuildFile; fileRef = D8FB225C299A6B3D00B85680 /* intentClassifier4.mlmodel */; };
/* End PBXBuildFile section */

/* Begin PBXContainerItemProxy section */
		D8C22BE828DD217A005CA6AE /* PBXContainerItemProxy */ = {
			isa = PBXContainerItemProxy;
			containerPortal = D87E2FC1285913C000735AF7 /* Project object */;
			proxyType = 1;
			remoteGlobalIDString = D8C22BD728DD2177005CA6AE;
			remoteInfo = "Rewind_Watch Watch App";
		};
		D8C22BF228DD217A005CA6AE /* PBXContainerItemProxy */ = {
			isa = PBXContainerItemProxy;
			containerPortal = D87E2FC1285913C000735AF7 /* Project object */;
			proxyType = 1;
			remoteGlobalIDString = D8C22BD728DD2177005CA6AE;
			remoteInfo = "Rewind_Watch Watch App";
		};
/* End PBXContainerItemProxy section */

/* Begin PBXFileReference section */
		D87B9BE0287369E100E2D3EF /* SettingsView.swift */ = {isa = PBXFileReference; lastKnownFileType = sourcecode.swift; path = SettingsView.swift; sourceTree = "<group>"; };
		D87B9BE22873766000E2D3EF /* testView.swift */ = {isa = PBXFileReference; lastKnownFileType = sourcecode.swift; path = testView.swift; sourceTree = "<group>"; };
		D87B9BE42873780900E2D3EF /* houseView.swift */ = {isa = PBXFileReference; lastKnownFileType = sourcecode.swift; path = houseView.swift; sourceTree = "<group>"; };
		D87B9BE728737C0C00E2D3EF /* systemThemeManager.swift */ = {isa = PBXFileReference; lastKnownFileType = sourcecode.swift; path = systemThemeManager.swift; sourceTree = "<group>"; };
		D87B9BEB287387AD00E2D3EF /* chatToTextView.swift */ = {isa = PBXFileReference; lastKnownFileType = sourcecode.swift; path = chatToTextView.swift; sourceTree = "<group>"; };
		D87B9BED2874B79B00E2D3EF /* botView.swift */ = {isa = PBXFileReference; lastKnownFileType = sourcecode.swift; path = botView.swift; sourceTree = "<group>"; };
		D87B9BEF2874BA4200E2D3EF /* botResponse.swift */ = {isa = PBXFileReference; lastKnownFileType = sourcecode.swift; path = botResponse.swift; sourceTree = "<group>"; };
		D87B9BF2287747AD00E2D3EF /* dataTestView.swift */ = {isa = PBXFileReference; lastKnownFileType = sourcecode.swift; path = dataTestView.swift; sourceTree = "<group>"; };
		D87B9BF52879DFC400E2D3EF /* formModel.swift */ = {isa = PBXFileReference; lastKnownFileType = sourcecode.swift; path = formModel.swift; sourceTree = "<group>"; };
		D87B9BF72879E14700E2D3EF /* formManage.swift */ = {isa = PBXFileReference; lastKnownFileType = sourcecode.swift; path = formManage.swift; sourceTree = "<group>"; };
		D87B9BF92879E3A600E2D3EF /* formView.swift */ = {isa = PBXFileReference; lastKnownFileType = sourcecode.swift; path = formView.swift; sourceTree = "<group>"; };
		D87B9BFB287A01CD00E2D3EF /* loginFormManager.swift */ = {isa = PBXFileReference; lastKnownFileType = sourcecode.swift; path = loginFormManager.swift; sourceTree = "<group>"; };
		D87E2FC9285913C000735AF7 /* Kier_Nathan_Rewind.app */ = {isa = PBXFileReference; explicitFileType = wrapper.application; includeInIndex = 0; path = Kier_Nathan_Rewind.app; sourceTree = BUILT_PRODUCTS_DIR; };
		D87E2FCC285913C000735AF7 /* Kier_Nathan_RewindApp.swift */ = {isa = PBXFileReference; lastKnownFileType = sourcecode.swift; path = Kier_Nathan_RewindApp.swift; sourceTree = "<group>"; };
		D87E2FCE285913C000735AF7 /* ContentView.swift */ = {isa = PBXFileReference; lastKnownFileType = sourcecode.swift; path = ContentView.swift; sourceTree = "<group>"; };
		D87E2FD0285913C200735AF7 /* Assets.xcassets */ = {isa = PBXFileReference; lastKnownFileType = folder.assetcatalog; path = Assets.xcassets; sourceTree = "<group>"; };
		D87E2FD3285913C200735AF7 /* Preview Assets.xcassets */ = {isa = PBXFileReference; lastKnownFileType = folder.assetcatalog; path = "Preview Assets.xcassets"; sourceTree = "<group>"; };
		D87E2FDB2859141700735AF7 /* homeView.swift */ = {isa = PBXFileReference; lastKnownFileType = sourcecode.swift; path = homeView.swift; sourceTree = "<group>"; };
		D87E2FDD2859144C00735AF7 /* circleImage.swift */ = {isa = PBXFileReference; lastKnownFileType = sourcecode.swift; path = circleImage.swift; sourceTree = "<group>"; };
		D87E2FDF2859146700735AF7 /* mapView.swift */ = {isa = PBXFileReference; lastKnownFileType = sourcecode.swift; path = mapView.swift; sourceTree = "<group>"; };
		D87E2FE12859148B00735AF7 /* accountView.swift */ = {isa = PBXFileReference; lastKnownFileType = sourcecode.swift; path = accountView.swift; sourceTree = "<group>"; };
		D87E2FE4285914B500735AF7 /* Theme.swift */ = {isa = PBXFileReference; lastKnownFileType = sourcecode.swift; path = Theme.swift; sourceTree = "<group>"; };
		D87E2FE6285914D800735AF7 /* DailyChat.swift */ = {isa = PBXFileReference; lastKnownFileType = sourcecode.swift; path = DailyChat.swift; sourceTree = "<group>"; };
		D87E2FE82859150800735AF7 /* AVPlayer+Ding.swift */ = {isa = PBXFileReference; lastKnownFileType = sourcecode.swift; path = "AVPlayer+Ding.swift"; sourceTree = "<group>"; };
		D87E2FEA2859152900735AF7 /* ChatTimer.swift */ = {isa = PBXFileReference; lastKnownFileType = sourcecode.swift; path = ChatTimer.swift; sourceTree = "<group>"; };
		D87E2FEC2859156900735AF7 /* ChatProgressViewStyle.swift */ = {isa = PBXFileReference; lastKnownFileType = sourcecode.swift; path = ChatProgressViewStyle.swift; sourceTree = "<group>"; };
		D87E2FEE285915BC00735AF7 /* TILS.swift */ = {isa = PBXFileReference; lastKnownFileType = sourcecode.swift; path = TILS.swift; sourceTree = "<group>"; };
		D87E2FF0285915EA00735AF7 /* CardView.swift */ = {isa = PBXFileReference; lastKnownFileType = sourcecode.swift; path = CardView.swift; sourceTree = "<group>"; };
		D87E2FF22859160B00735AF7 /* chatsView.swift */ = {isa = PBXFileReference; lastKnownFileType = sourcecode.swift; path = chatsView.swift; sourceTree = "<group>"; };
		D87E2FF42859163100735AF7 /* DetailView.swift */ = {isa = PBXFileReference; lastKnownFileType = sourcecode.swift; path = DetailView.swift; sourceTree = "<group>"; };
		D87E2FF62859165700735AF7 /* DetailEditView.swift */ = {isa = PBXFileReference; lastKnownFileType = sourcecode.swift; path = DetailEditView.swift; sourceTree = "<group>"; };
		D87E2FF82859167A00735AF7 /* ThemeView.swift */ = {isa = PBXFileReference; lastKnownFileType = sourcecode.swift; path = ThemeView.swift; sourceTree = "<group>"; };
		D87E2FFA2859169700735AF7 /* ThemePicker.swift */ = {isa = PBXFileReference; lastKnownFileType = sourcecode.swift; path = ThemePicker.swift; sourceTree = "<group>"; };
		D87E2FFC285916C600735AF7 /* MeetingHeaderView.swift */ = {isa = PBXFileReference; lastKnownFileType = sourcecode.swift; path = MeetingHeaderView.swift; sourceTree = "<group>"; };
		D87E2FFE285916DD00735AF7 /* MeetingFooterView.swift */ = {isa = PBXFileReference; lastKnownFileType = sourcecode.swift; path = MeetingFooterView.swift; sourceTree = "<group>"; };
		D87E3000285CD2D000735AF7 /* History.swift */ = {isa = PBXFileReference; lastKnownFileType = sourcecode.swift; path = History.swift; sourceTree = "<group>"; };
		D87E3002285CDB0700735AF7 /* ChatStore.swift */ = {isa = PBXFileReference; lastKnownFileType = sourcecode.swift; path = ChatStore.swift; sourceTree = "<group>"; };
		D87E3004285E34DF00735AF7 /* circleImageDos.swift */ = {isa = PBXFileReference; lastKnownFileType = sourcecode.swift; path = circleImageDos.swift; sourceTree = "<group>"; };
		D87E30062860D02600735AF7 /* errorWrapper.swift */ = {isa = PBXFileReference; lastKnownFileType = sourcecode.swift; path = errorWrapper.swift; sourceTree = "<group>"; };
		D87E30082860D0CA00735AF7 /* ErrorView.swift */ = {isa = PBXFileReference; lastKnownFileType = sourcecode.swift; path = ErrorView.swift; sourceTree = "<group>"; };
		D87E300C2860D7BE00735AF7 /* ClockView.swift */ = {isa = PBXFileReference; lastKnownFileType = sourcecode.swift; path = ClockView.swift; sourceTree = "<group>"; };
		D87E300E2860DB1C00735AF7 /* ArcForClock.swift */ = {isa = PBXFileReference; lastKnownFileType = sourcecode.swift; path = ArcForClock.swift; sourceTree = "<group>"; };
		D87E3010286675DE00735AF7 /* SpeechRecognizer.swift */ = {isa = PBXFileReference; lastKnownFileType = sourcecode.swift; path = SpeechRecognizer.swift; sourceTree = "<group>"; };
		D87E301228667ADF00735AF7 /* HistoryView.swift */ = {isa = PBXFileReference; lastKnownFileType = sourcecode.swift; path = HistoryView.swift; sourceTree = "<group>"; };
		D87E30142869FD8E00735AF7 /* LogView.swift */ = {isa = PBXFileReference; lastKnownFileType = sourcecode.swift; path = LogView.swift; sourceTree = "<group>"; };
		D88973A229080A430023B18C /* heart.swift */ = {isa = PBXFileReference; lastKnownFileType = sourcecode.swift; path = heart.swift; sourceTree = "<group>"; };
		D88973A429080AD80023B18C /* heartGraphView.swift */ = {isa = PBXFileReference; lastKnownFileType = sourcecode.swift; path = heartGraphView.swift; sourceTree = "<group>"; };
		D88973A629080B460023B18C /* heartDataView.swift */ = {isa = PBXFileReference; lastKnownFileType = sourcecode.swift; path = heartDataView.swift; sourceTree = "<group>"; };
		D88973A829086A7C0023B18C /* Calorie.swift */ = {isa = PBXFileReference; lastKnownFileType = sourcecode.swift; path = Calorie.swift; sourceTree = "<group>"; };
		D88973AA290882E00023B18C /* calorieDataView.swift */ = {isa = PBXFileReference; lastKnownFileType = sourcecode.swift; path = calorieDataView.swift; sourceTree = "<group>"; };
		D88973AC290883090023B18C /* calorieGraphView.swift */ = {isa = PBXFileReference; lastKnownFileType = sourcecode.swift; name = calorieGraphView.swift; path = Kier_Nathan_Rewind/Health/calorieGraphView.swift; sourceTree = SOURCE_ROOT; };
		D88AF78A2884A107009A961C /* videoView.swift */ = {isa = PBXFileReference; lastKnownFileType = sourcecode.swift; path = videoView.swift; sourceTree = "<group>"; };
		D88AF78C2884A5BE009A961C /* VidView.swift */ = {isa = PBXFileReference; lastKnownFileType = sourcecode.swift; path = VidView.swift; sourceTree = "<group>"; };
		D88AF78E288F143E009A961C /* SplashScreenView.swift */ = {isa = PBXFileReference; lastKnownFileType = sourcecode.swift; path = SplashScreenView.swift; sourceTree = "<group>"; };
		D88AF79228A1270C009A961C /* userArrayView.swift */ = {isa = PBXFileReference; lastKnownFileType = sourcecode.swift; path = userArrayView.swift; sourceTree = "<group>"; };
		D88AF79628A27234009A961C /* testingarrayView.swift */ = {isa = PBXFileReference; lastKnownFileType = sourcecode.swift; path = testingarrayView.swift; sourceTree = "<group>"; };
		D88AF79828A272F3009A961C /* testingeditView.swift */ = {isa = PBXFileReference; lastKnownFileType = sourcecode.swift; path = testingeditView.swift; sourceTree = "<group>"; };
		D88AF79A28AAE48A009A961C /* Kier_Nathan_Rewind.entitlements */ = {isa = PBXFileReference; lastKnownFileType = text.plist.entitlements; path = Kier_Nathan_Rewind.entitlements; sourceTree = "<group>"; };
		D88AF79D28AAE6C3009A961C /* cameraView.swift */ = {isa = PBXFileReference; lastKnownFileType = sourcecode.swift; path = cameraView.swift; sourceTree = "<group>"; };
		D88AF7A028AAE94D009A961C /* HealthInfoStore.swift */ = {isa = PBXFileReference; lastKnownFileType = sourcecode.swift; path = HealthInfoStore.swift; sourceTree = "<group>"; };
		D88AF7A228AAEB2D009A961C /* distanceDataView.swift */ = {isa = PBXFileReference; lastKnownFileType = sourcecode.swift; path = distanceDataView.swift; sourceTree = "<group>"; };
		D88AF7A428AAEDA9009A961C /* GraphView.swift */ = {isa = PBXFileReference; lastKnownFileType = sourcecode.swift; path = GraphView.swift; sourceTree = "<group>"; };
		D88AF7A628AAEDD2009A961C /* Step.swift */ = {isa = PBXFileReference; lastKnownFileType = sourcecode.swift; path = Step.swift; sourceTree = "<group>"; };
		D88AF7A928AAEEB0009A961C /* HealthKit.framework */ = {isa = PBXFileReference; lastKnownFileType = wrapper.framework; name = HealthKit.framework; path = System/Library/Frameworks/HealthKit.framework; sourceTree = SDKROOT; };
		D8A5347E299C421F0084BA26 /* intentClassifierversion1.0.mlmodel */ = {isa = PBXFileReference; lastKnownFileType = file.mlmodel; path = intentClassifierversion1.0.mlmodel; sourceTree = "<group>"; };
		D8B1B3902947A2F10079140E /* contentzView.swift */ = {isa = PBXFileReference; lastKnownFileType = sourcecode.swift; path = contentzView.swift; sourceTree = "<group>"; };
		D8B1B393294937A80079140E /* APICall.swift */ = {isa = PBXFileReference; lastKnownFileType = sourcecode.swift; path = APICall.swift; sourceTree = "<group>"; };
		D8B1B39829493E630079140E /* APIcontentView.swift */ = {isa = PBXFileReference; lastKnownFileType = sourcecode.swift; path = APIcontentView.swift; sourceTree = "<group>"; };
		D8B83C0A2976DCCB003C6671 /* dataController.swift */ = {isa = PBXFileReference; lastKnownFileType = sourcecode.swift; path = dataController.swift; sourceTree = "<group>"; };
		D8B83C0C2976DFBA003C6671 /* dcView.swift */ = {isa = PBXFileReference; lastKnownFileType = sourcecode.swift; path = dcView.swift; sourceTree = "<group>"; };
		D8B83C0E2976F139003C6671 /* todoentryView.swift */ = {isa = PBXFileReference; lastKnownFileType = sourcecode.swift; path = todoentryView.swift; sourceTree = "<group>"; };
		D8B83C102976FA69003C6671 /* fgRatingView.swift */ = {isa = PBXFileReference; lastKnownFileType = sourcecode.swift; path = fgRatingView.swift; sourceTree = "<group>"; };
		D8B83C1229770408003C6671 /* detailedTDView.swift */ = {isa = PBXFileReference; lastKnownFileType = sourcecode.swift; path = detailedTDView.swift; sourceTree = "<group>"; };
		D8C22B0828DCA40E005CA6AE /* moveDataView.swift */ = {isa = PBXFileReference; lastKnownFileType = sourcecode.swift; path = moveDataView.swift; sourceTree = "<group>"; };
		D8C22B0A28DCA467005CA6AE /* Mile.swift */ = {isa = PBXFileReference; lastKnownFileType = sourcecode.swift; path = Mile.swift; sourceTree = "<group>"; };
		D8C22B0C28DCA5B5005CA6AE /* GraphingView.swift */ = {isa = PBXFileReference; lastKnownFileType = sourcecode.swift; path = GraphingView.swift; sourceTree = "<group>"; };
		D8C22BD828DD2177005CA6AE /* Rewind_Watch Watch App.app */ = {isa = PBXFileReference; explicitFileType = wrapper.application; includeInIndex = 0; path = "Rewind_Watch Watch App.app"; sourceTree = BUILT_PRODUCTS_DIR; };
		D8C22BDA28DD2177005CA6AE /* Rewind_WatchApp.swift */ = {isa = PBXFileReference; lastKnownFileType = sourcecode.swift; path = Rewind_WatchApp.swift; sourceTree = "<group>"; };
		D8C22BDC28DD2177005CA6AE /* ContentView.swift */ = {isa = PBXFileReference; lastKnownFileType = sourcecode.swift; path = ContentView.swift; sourceTree = "<group>"; };
		D8C22BDE28DD217A005CA6AE /* Assets.xcassets */ = {isa = PBXFileReference; lastKnownFileType = folder.assetcatalog; path = Assets.xcassets; sourceTree = "<group>"; };
		D8C22BE128DD217A005CA6AE /* Preview Assets.xcassets */ = {isa = PBXFileReference; lastKnownFileType = folder.assetcatalog; path = "Preview Assets.xcassets"; sourceTree = "<group>"; };
		D8C22BE728DD217A005CA6AE /* Rewind_Watch Watch AppTests.xctest */ = {isa = PBXFileReference; explicitFileType = wrapper.cfbundle; includeInIndex = 0; path = "Rewind_Watch Watch AppTests.xctest"; sourceTree = BUILT_PRODUCTS_DIR; };
		D8C22BEB28DD217A005CA6AE /* Rewind_Watch_Watch_AppTests.swift */ = {isa = PBXFileReference; lastKnownFileType = sourcecode.swift; path = Rewind_Watch_Watch_AppTests.swift; sourceTree = "<group>"; };
		D8C22BF128DD217A005CA6AE /* Rewind_Watch Watch AppUITests.xctest */ = {isa = PBXFileReference; explicitFileType = wrapper.cfbundle; includeInIndex = 0; path = "Rewind_Watch Watch AppUITests.xctest"; sourceTree = BUILT_PRODUCTS_DIR; };
		D8C22BF528DD217B005CA6AE /* Rewind_Watch_Watch_AppUITests.swift */ = {isa = PBXFileReference; lastKnownFileType = sourcecode.swift; path = Rewind_Watch_Watch_AppUITests.swift; sourceTree = "<group>"; };
		D8C22BF728DD217B005CA6AE /* Rewind_Watch_Watch_AppUITestsLaunchTests.swift */ = {isa = PBXFileReference; lastKnownFileType = sourcecode.swift; path = Rewind_Watch_Watch_AppUITestsLaunchTests.swift; sourceTree = "<group>"; };
		D8D788302956837600BFBD34 /* textEditorView.swift */ = {isa = PBXFileReference; lastKnownFileType = sourcecode.swift; path = textEditorView.swift; sourceTree = "<group>"; };
		D8D788322956841100BFBD34 /* ToDoItem.swift */ = {isa = PBXFileReference; lastKnownFileType = sourcecode.swift; path = ToDoItem.swift; sourceTree = "<group>"; };
		D8D788342956843200BFBD34 /* SceneDelegate.swift */ = {isa = PBXFileReference; lastKnownFileType = sourcecode.swift; path = SceneDelegate.swift; sourceTree = "<group>"; };
		D8D788362956845A00BFBD34 /* TestToView.swift */ = {isa = PBXFileReference; lastKnownFileType = sourcecode.swift; path = TestToView.swift; sourceTree = "<group>"; };
		D8D788382956881300BFBD34 /* CoreData.framework */ = {isa = PBXFileReference; lastKnownFileType = wrapper.framework; name = CoreData.framework; path = System/Library/Frameworks/CoreData.framework; sourceTree = SDKROOT; };
		D8D7883B29568B6000BFBD34 /* testModel.xcdatamodel */ = {isa = PBXFileReference; lastKnownFileType = wrapper.xcdatamodel; path = testModel.xcdatamodel; sourceTree = "<group>"; };
		D8FB225A2997C84900B85680 /* testmlView.swift */ = {isa = PBXFileReference; lastKnownFileType = sourcecode.swift; path = testmlView.swift; sourceTree = "<group>"; };
		D8FB225C299A6B3D00B85680 /* intentClassifier4.mlmodel */ = {isa = PBXFileReference; lastKnownFileType = file.mlmodel; path = intentClassifier4.mlmodel; sourceTree = "<group>"; };
/* End PBXFileReference section */

/* Begin PBXFrameworksBuildPhase section */
		D87E2FC6285913C000735AF7 /* Frameworks */ = {
			isa = PBXFrameworksBuildPhase;
			buildActionMask = 2147483647;
			files = (
				D8B1B39729493A280079140E /* OpenAISwift in Frameworks */,
				D8D788392956881400BFBD34 /* CoreData.framework in Frameworks */,
				D88AF7AA28AAEEB0009A961C /* HealthKit.framework in Frameworks */,
			);
			runOnlyForDeploymentPostprocessing = 0;
		};
		D8C22BD528DD2177005CA6AE /* Frameworks */ = {
			isa = PBXFrameworksBuildPhase;
			buildActionMask = 2147483647;
			files = (
			);
			runOnlyForDeploymentPostprocessing = 0;
		};
		D8C22BE428DD217A005CA6AE /* Frameworks */ = {
			isa = PBXFrameworksBuildPhase;
			buildActionMask = 2147483647;
			files = (
			);
			runOnlyForDeploymentPostprocessing = 0;
		};
		D8C22BEE28DD217A005CA6AE /* Frameworks */ = {
			isa = PBXFrameworksBuildPhase;
			buildActionMask = 2147483647;
			files = (
			);
			runOnlyForDeploymentPostprocessing = 0;
		};
/* End PBXFrameworksBuildPhase section */

/* Begin PBXGroup section */
		D804C8EB2996F52D000E7B5F /* ML */ = {
			isa = PBXGroup;
			children = (
				D8A5347E299C421F0084BA26 /* intentClassifierversion1.0.mlmodel */,
				D8FB225C299A6B3D00B85680 /* intentClassifier4.mlmodel */,
				D8FB225A2997C84900B85680 /* testmlView.swift */,
			);
			path = ML;
			sourceTree = "<group>";
		};
		D87B9BE628737BD900E2D3EF /* theme */ = {
			isa = PBXGroup;
			children = (
				D87B9BE728737C0C00E2D3EF /* systemThemeManager.swift */,
			);
			path = theme;
			sourceTree = "<group>";
		};
		D87B9BF12877476600E2D3EF /* data */ = {
			isa = PBXGroup;
			children = (
				D87B9BF2287747AD00E2D3EF /* dataTestView.swift */,
				D88AF79228A1270C009A961C /* userArrayView.swift */,
				D88AF79628A27234009A961C /* testingarrayView.swift */,
				D88AF79828A272F3009A961C /* testingeditView.swift */,
			);
			path = data;
			sourceTree = "<group>";
		};
		D87B9BF42879DEE200E2D3EF /* form */ = {
			isa = PBXGroup;
			children = (
				D87B9BF52879DFC400E2D3EF /* formModel.swift */,
				D87B9BF72879E14700E2D3EF /* formManage.swift */,
				D87B9BF92879E3A600E2D3EF /* formView.swift */,
				D87B9BFB287A01CD00E2D3EF /* loginFormManager.swift */,
			);
			path = form;
			sourceTree = "<group>";
		};
		D87E2FC0285913C000735AF7 = {
			isa = PBXGroup;
			children = (
				D87E2FCB285913C000735AF7 /* Kier_Nathan_Rewind */,
				D8C22BD928DD2177005CA6AE /* Rewind_Watch Watch App */,
				D8C22BEA28DD217A005CA6AE /* Rewind_Watch Watch AppTests */,
				D8C22BF428DD217B005CA6AE /* Rewind_Watch Watch AppUITests */,
				D87E2FCA285913C000735AF7 /* Products */,
				D88AF7A828AAEEB0009A961C /* Frameworks */,
			);
			sourceTree = "<group>";
		};
		D87E2FCA285913C000735AF7 /* Products */ = {
			isa = PBXGroup;
			children = (
				D87E2FC9285913C000735AF7 /* Kier_Nathan_Rewind.app */,
				D8C22BD828DD2177005CA6AE /* Rewind_Watch Watch App.app */,
				D8C22BE728DD217A005CA6AE /* Rewind_Watch Watch AppTests.xctest */,
				D8C22BF128DD217A005CA6AE /* Rewind_Watch Watch AppUITests.xctest */,
			);
			name = Products;
			sourceTree = "<group>";
		};
		D87E2FCB285913C000735AF7 /* Kier_Nathan_Rewind */ = {
			isa = PBXGroup;
			children = (
				D804C8EB2996F52D000E7B5F /* ML */,
				D8B1B3922949378F0079140E /* API */,
				D8C22BD328DD1FEF005CA6AE /* watch */,
				D88AF79F28AAE935009A961C /* Health */,
				D88AF79A28AAE48A009A961C /* Kier_Nathan_Rewind.entitlements */,
				D87B9BF42879DEE200E2D3EF /* form */,
				D87B9BF12877476600E2D3EF /* data */,
				D87B9BE628737BD900E2D3EF /* theme */,
				D87E2FDA285913FB00735AF7 /* Home */,
				D87E2FCC285913C000735AF7 /* Kier_Nathan_RewindApp.swift */,
				D87E2FE32859149A00735AF7 /* Models */,
				D87E2FCE285913C000735AF7 /* ContentView.swift */,
				D87E2FEE285915BC00735AF7 /* TILS.swift */,
				D87E2FD0285913C200735AF7 /* Assets.xcassets */,
				D87E2FD2285913C200735AF7 /* Preview Content */,
				D87E2FEC2859156900735AF7 /* ChatProgressViewStyle.swift */,
				D87E2FF0285915EA00735AF7 /* CardView.swift */,
				D87E2FF22859160B00735AF7 /* chatsView.swift */,
				D87E2FF42859163100735AF7 /* DetailView.swift */,
				D87E2FF62859165700735AF7 /* DetailEditView.swift */,
				D87E2FF82859167A00735AF7 /* ThemeView.swift */,
				D87E2FFA2859169700735AF7 /* ThemePicker.swift */,
				D87E2FFC285916C600735AF7 /* MeetingHeaderView.swift */,
				D87E2FFE285916DD00735AF7 /* MeetingFooterView.swift */,
				D87E30082860D0CA00735AF7 /* ErrorView.swift */,
				D87E300C2860D7BE00735AF7 /* ClockView.swift */,
				D87E300E2860DB1C00735AF7 /* ArcForClock.swift */,
				D87E301228667ADF00735AF7 /* HistoryView.swift */,
			);
			path = Kier_Nathan_Rewind;
			sourceTree = "<group>";
		};
		D87E2FD2285913C200735AF7 /* Preview Content */ = {
			isa = PBXGroup;
			children = (
				D87E2FD3285913C200735AF7 /* Preview Assets.xcassets */,
			);
			path = "Preview Content";
			sourceTree = "<group>";
		};
		D87E2FDA285913FB00735AF7 /* Home */ = {
			isa = PBXGroup;
			children = (
				D87E2FDB2859141700735AF7 /* homeView.swift */,
				D87E2FDD2859144C00735AF7 /* circleImage.swift */,
				D87E2FDF2859146700735AF7 /* mapView.swift */,
				D87E2FE12859148B00735AF7 /* accountView.swift */,
				D87E3004285E34DF00735AF7 /* circleImageDos.swift */,
				D87B9BE0287369E100E2D3EF /* SettingsView.swift */,
				D87B9BE22873766000E2D3EF /* testView.swift */,
				D87B9BE42873780900E2D3EF /* houseView.swift */,
				D87B9BEB287387AD00E2D3EF /* chatToTextView.swift */,
				D87B9BED2874B79B00E2D3EF /* botView.swift */,
				D87B9BEF2874BA4200E2D3EF /* botResponse.swift */,
				D88AF78A2884A107009A961C /* videoView.swift */,
				D88AF78C2884A5BE009A961C /* VidView.swift */,
				D88AF78E288F143E009A961C /* SplashScreenView.swift */,
				D87E30142869FD8E00735AF7 /* LogView.swift */,
				D88AF79D28AAE6C3009A961C /* cameraView.swift */,
				D8B1B3902947A2F10079140E /* contentzView.swift */,
				D8D788302956837600BFBD34 /* textEditorView.swift */,
				D8D788322956841100BFBD34 /* ToDoItem.swift */,
				D8D788342956843200BFBD34 /* SceneDelegate.swift */,
				D8D788362956845A00BFBD34 /* TestToView.swift */,
				D8D7883A29568B6000BFBD34 /* testModel.xcdatamodeld */,
				D8B83C0A2976DCCB003C6671 /* dataController.swift */,
				D8B83C0C2976DFBA003C6671 /* dcView.swift */,
				D8B83C0E2976F139003C6671 /* todoentryView.swift */,
				D8B83C102976FA69003C6671 /* fgRatingView.swift */,
				D8B83C1229770408003C6671 /* detailedTDView.swift */,
			);
			path = Home;
			sourceTree = "<group>";
		};
		D87E2FE32859149A00735AF7 /* Models */ = {
			isa = PBXGroup;
			children = (
				D87E2FE4285914B500735AF7 /* Theme.swift */,
				D87E2FE6285914D800735AF7 /* DailyChat.swift */,
				D87E2FE82859150800735AF7 /* AVPlayer+Ding.swift */,
				D87E2FEA2859152900735AF7 /* ChatTimer.swift */,
				D87E3000285CD2D000735AF7 /* History.swift */,
				D87E3002285CDB0700735AF7 /* ChatStore.swift */,
				D87E30062860D02600735AF7 /* errorWrapper.swift */,
				D87E3010286675DE00735AF7 /* SpeechRecognizer.swift */,
			);
			path = Models;
			sourceTree = "<group>";
		};
		D88AF79F28AAE935009A961C /* Health */ = {
			isa = PBXGroup;
			children = (
				D8C22B5828DCB73A005CA6AE /* Health */,
				D88AF7A028AAE94D009A961C /* HealthInfoStore.swift */,
				D88AF7A628AAEDD2009A961C /* Step.swift */,
				D88AF7A228AAEB2D009A961C /* distanceDataView.swift */,
				D88AF7A428AAEDA9009A961C /* GraphView.swift */,
				D8C22B0A28DCA467005CA6AE /* Mile.swift */,
				D8C22B0828DCA40E005CA6AE /* moveDataView.swift */,
				D8C22B0C28DCA5B5005CA6AE /* GraphingView.swift */,
				D88973A229080A430023B18C /* heart.swift */,
				D88973A629080B460023B18C /* heartDataView.swift */,
				D88973A429080AD80023B18C /* heartGraphView.swift */,
				D88973A829086A7C0023B18C /* Calorie.swift */,
				D88973AA290882E00023B18C /* calorieDataView.swift */,
				D88973AC290883090023B18C /* calorieGraphView.swift */,
			);
			path = Health;
			sourceTree = "<group>";
		};
		D88AF7A828AAEEB0009A961C /* Frameworks */ = {
			isa = PBXGroup;
			children = (
				D8D788382956881300BFBD34 /* CoreData.framework */,
				D88AF7A928AAEEB0009A961C /* HealthKit.framework */,
			);
			name = Frameworks;
			sourceTree = "<group>";
		};
		D8B1B3922949378F0079140E /* API */ = {
			isa = PBXGroup;
			children = (
				D8B1B393294937A80079140E /* APICall.swift */,
				D8B1B39829493E630079140E /* APIcontentView.swift */,
			);
			path = API;
			sourceTree = "<group>";
		};
		D8C22B5828DCB73A005CA6AE /* Health */ = {
			isa = PBXGroup;
			children = (
			);
			name = Health;
			path = ../../../../.Trash/Health;
			sourceTree = "<group>";
		};
		D8C22BD328DD1FEF005CA6AE /* watch */ = {
			isa = PBXGroup;
			children = (
			);
			path = watch;
			sourceTree = "<group>";
		};
		D8C22BD928DD2177005CA6AE /* Rewind_Watch Watch App */ = {
			isa = PBXGroup;
			children = (
				D8C22BDA28DD2177005CA6AE /* Rewind_WatchApp.swift */,
				D8C22BDC28DD2177005CA6AE /* ContentView.swift */,
				D8C22BDE28DD217A005CA6AE /* Assets.xcassets */,
				D8C22BE028DD217A005CA6AE /* Preview Content */,
			);
			path = "Rewind_Watch Watch App";
			sourceTree = "<group>";
		};
		D8C22BE028DD217A005CA6AE /* Preview Content */ = {
			isa = PBXGroup;
			children = (
				D8C22BE128DD217A005CA6AE /* Preview Assets.xcassets */,
			);
			path = "Preview Content";
			sourceTree = "<group>";
		};
		D8C22BEA28DD217A005CA6AE /* Rewind_Watch Watch AppTests */ = {
			isa = PBXGroup;
			children = (
				D8C22BEB28DD217A005CA6AE /* Rewind_Watch_Watch_AppTests.swift */,
			);
			path = "Rewind_Watch Watch AppTests";
			sourceTree = "<group>";
		};
		D8C22BF428DD217B005CA6AE /* Rewind_Watch Watch AppUITests */ = {
			isa = PBXGroup;
			children = (
				D8C22BF528DD217B005CA6AE /* Rewind_Watch_Watch_AppUITests.swift */,
				D8C22BF728DD217B005CA6AE /* Rewind_Watch_Watch_AppUITestsLaunchTests.swift */,
			);
			path = "Rewind_Watch Watch AppUITests";
			sourceTree = "<group>";
		};
/* End PBXGroup section */

/* Begin PBXNativeTarget section */
		D87E2FC8285913C000735AF7 /* Kier_Nathan_Rewind */ = {
			isa = PBXNativeTarget;
			buildConfigurationList = D87E2FD7285913C200735AF7 /* Build configuration list for PBXNativeTarget "Kier_Nathan_Rewind" */;
			buildPhases = (
				D87E2FC5285913C000735AF7 /* Sources */,
				D87E2FC6285913C000735AF7 /* Frameworks */,
				D87E2FC7285913C000735AF7 /* Resources */,
			);
			buildRules = (
			);
			dependencies = (
			);
			name = Kier_Nathan_Rewind;
			packageProductDependencies = (
				D8B1B39629493A280079140E /* OpenAISwift */,
			);
			productName = Kier_Nathan_Rewind;
			productReference = D87E2FC9285913C000735AF7 /* Kier_Nathan_Rewind.app */;
			productType = "com.apple.product-type.application";
		};
		D8C22BD728DD2177005CA6AE /* Rewind_Watch Watch App */ = {
			isa = PBXNativeTarget;
			buildConfigurationList = D8C22BF928DD217B005CA6AE /* Build configuration list for PBXNativeTarget "Rewind_Watch Watch App" */;
			buildPhases = (
				D8C22BD428DD2177005CA6AE /* Sources */,
				D8C22BD528DD2177005CA6AE /* Frameworks */,
				D8C22BD628DD2177005CA6AE /* Resources */,
			);
			buildRules = (
			);
			dependencies = (
			);
			name = "Rewind_Watch Watch App";
			productName = "Rewind_Watch Watch App";
			productReference = D8C22BD828DD2177005CA6AE /* Rewind_Watch Watch App.app */;
			productType = "com.apple.product-type.application";
		};
		D8C22BE628DD217A005CA6AE /* Rewind_Watch Watch AppTests */ = {
			isa = PBXNativeTarget;
			buildConfigurationList = D8C22BFC28DD217B005CA6AE /* Build configuration list for PBXNativeTarget "Rewind_Watch Watch AppTests" */;
			buildPhases = (
				D8C22BE328DD217A005CA6AE /* Sources */,
				D8C22BE428DD217A005CA6AE /* Frameworks */,
				D8C22BE528DD217A005CA6AE /* Resources */,
			);
			buildRules = (
			);
			dependencies = (
				D8C22BE928DD217A005CA6AE /* PBXTargetDependency */,
			);
			name = "Rewind_Watch Watch AppTests";
			productName = "Rewind_Watch Watch AppTests";
			productReference = D8C22BE728DD217A005CA6AE /* Rewind_Watch Watch AppTests.xctest */;
			productType = "com.apple.product-type.bundle.unit-test";
		};
		D8C22BF028DD217A005CA6AE /* Rewind_Watch Watch AppUITests */ = {
			isa = PBXNativeTarget;
			buildConfigurationList = D8C22BFF28DD217B005CA6AE /* Build configuration list for PBXNativeTarget "Rewind_Watch Watch AppUITests" */;
			buildPhases = (
				D8C22BED28DD217A005CA6AE /* Sources */,
				D8C22BEE28DD217A005CA6AE /* Frameworks */,
				D8C22BEF28DD217A005CA6AE /* Resources */,
			);
			buildRules = (
			);
			dependencies = (
				D8C22BF328DD217A005CA6AE /* PBXTargetDependency */,
			);
			name = "Rewind_Watch Watch AppUITests";
			productName = "Rewind_Watch Watch AppUITests";
			productReference = D8C22BF128DD217A005CA6AE /* Rewind_Watch Watch AppUITests.xctest */;
			productType = "com.apple.product-type.bundle.ui-testing";
		};
/* End PBXNativeTarget section */

/* Begin PBXProject section */
		D87E2FC1285913C000735AF7 /* Project object */ = {
			isa = PBXProject;
			attributes = {
				BuildIndependentTargetsInParallel = 1;
				LastSwiftUpdateCheck = 1400;
				LastUpgradeCheck = 1400;
				TargetAttributes = {
					D87E2FC8285913C000735AF7 = {
						CreatedOnToolsVersion = 14.0;
					};
					D8C22BD728DD2177005CA6AE = {
						CreatedOnToolsVersion = 14.0;
					};
					D8C22BE628DD217A005CA6AE = {
						CreatedOnToolsVersion = 14.0;
						TestTargetID = D8C22BD728DD2177005CA6AE;
					};
					D8C22BF028DD217A005CA6AE = {
						CreatedOnToolsVersion = 14.0;
						TestTargetID = D8C22BD728DD2177005CA6AE;
					};
				};
			};
			buildConfigurationList = D87E2FC4285913C000735AF7 /* Build configuration list for PBXProject "Kier_Nathan_Rewind" */;
			compatibilityVersion = "Xcode 14.0";
			developmentRegion = en;
			hasScannedForEncodings = 0;
			knownRegions = (
				en,
				Base,
			);
			mainGroup = D87E2FC0285913C000735AF7;
			packageReferences = (
				D8B1B39529493A280079140E /* XCRemoteSwiftPackageReference "OpenAISwift" */,
			);
			productRefGroup = D87E2FCA285913C000735AF7 /* Products */;
			projectDirPath = "";
			projectRoot = "";
			targets = (
				D87E2FC8285913C000735AF7 /* Kier_Nathan_Rewind */,
				D8C22BD728DD2177005CA6AE /* Rewind_Watch Watch App */,
				D8C22BE628DD217A005CA6AE /* Rewind_Watch Watch AppTests */,
				D8C22BF028DD217A005CA6AE /* Rewind_Watch Watch AppUITests */,
			);
		};
/* End PBXProject section */

/* Begin PBXResourcesBuildPhase section */
		D87E2FC7285913C000735AF7 /* Resources */ = {
			isa = PBXResourcesBuildPhase;
			buildActionMask = 2147483647;
			files = (
				D87E2FD4285913C200735AF7 /* Preview Assets.xcassets in Resources */,
				D87E2FD1285913C200735AF7 /* Assets.xcassets in Resources */,
			);
			runOnlyForDeploymentPostprocessing = 0;
		};
		D8C22BD628DD2177005CA6AE /* Resources */ = {
			isa = PBXResourcesBuildPhase;
			buildActionMask = 2147483647;
			files = (
				D8C22BE228DD217A005CA6AE /* Preview Assets.xcassets in Resources */,
				D8C22BDF28DD217A005CA6AE /* Assets.xcassets in Resources */,
			);
			runOnlyForDeploymentPostprocessing = 0;
		};
		D8C22BE528DD217A005CA6AE /* Resources */ = {
			isa = PBXResourcesBuildPhase;
			buildActionMask = 2147483647;
			files = (
			);
			runOnlyForDeploymentPostprocessing = 0;
		};
		D8C22BEF28DD217A005CA6AE /* Resources */ = {
			isa = PBXResourcesBuildPhase;
			buildActionMask = 2147483647;
			files = (
			);
			runOnlyForDeploymentPostprocessing = 0;
		};
/* End PBXResourcesBuildPhase section */

/* Begin PBXSourcesBuildPhase section */
		D87E2FC5285913C000735AF7 /* Sources */ = {
			isa = PBXSourcesBuildPhase;
			buildActionMask = 2147483647;
			files = (
				D8FB225D299A6B3D00B85680 /* intentClassifier4.mlmodel in Sources */,
				D87E30092860D0CA00735AF7 /* ErrorView.swift in Sources */,
				D87E30072860D02600735AF7 /* errorWrapper.swift in Sources */,
				D88AF78F288F143E009A961C /* SplashScreenView.swift in Sources */,
				D87E2FCF285913C000735AF7 /* ContentView.swift in Sources */,
				D87E301328667ADF00735AF7 /* HistoryView.swift in Sources */,
				D87B9BE32873766000E2D3EF /* testView.swift in Sources */,
				D87E2FDE2859144C00735AF7 /* circleImage.swift in Sources */,
				D87B9BE52873780900E2D3EF /* houseView.swift in Sources */,
				D8D788372956845A00BFBD34 /* TestToView.swift in Sources */,
				D8B83C0D2976DFBA003C6671 /* dcView.swift in Sources */,
				D88AF79328A1270C009A961C /* userArrayView.swift in Sources */,
				D87E2FFD285916C600735AF7 /* MeetingHeaderView.swift in Sources */,
				D87E2FCD285913C000735AF7 /* Kier_Nathan_RewindApp.swift in Sources */,
				D88973A929086A7C0023B18C /* Calorie.swift in Sources */,
				D87B9BF62879DFC400E2D3EF /* formModel.swift in Sources */,
				D87E2FFB2859169700735AF7 /* ThemePicker.swift in Sources */,
				D87E2FF72859165700735AF7 /* DetailEditView.swift in Sources */,
				D8A5347F299C421F0084BA26 /* intentClassifierversion1.0.mlmodel in Sources */,
				D87B9BFA2879E3A600E2D3EF /* formView.swift in Sources */,
				D87E2FEB2859152900735AF7 /* ChatTimer.swift in Sources */,
				D87B9BF3287747AD00E2D3EF /* dataTestView.swift in Sources */,
				D87B9BEC287387AD00E2D3EF /* chatToTextView.swift in Sources */,
				D8B1B39929493E630079140E /* APIcontentView.swift in Sources */,
				D87E2FE02859146700735AF7 /* mapView.swift in Sources */,
				D88AF7A528AAEDA9009A961C /* GraphView.swift in Sources */,
				D87E2FE22859148B00735AF7 /* accountView.swift in Sources */,
				D8B83C1329770408003C6671 /* detailedTDView.swift in Sources */,
				D87E3001285CD2D100735AF7 /* History.swift in Sources */,
				D8D788312956837600BFBD34 /* textEditorView.swift in Sources */,
				D87E30152869FD8E00735AF7 /* LogView.swift in Sources */,
				D88973A729080B460023B18C /* heartDataView.swift in Sources */,
				D87B9BE828737C0C00E2D3EF /* systemThemeManager.swift in Sources */,
				D87E2FE7285914D800735AF7 /* DailyChat.swift in Sources */,
				D88AF78D2884A5BE009A961C /* VidView.swift in Sources */,
				D88AF78B2884A108009A961C /* videoView.swift in Sources */,
				D87E2FF1285915EA00735AF7 /* CardView.swift in Sources */,
				D87E2FF92859167A00735AF7 /* ThemeView.swift in Sources */,
				D88973AB290882E00023B18C /* calorieDataView.swift in Sources */,
				D87E2FF32859160B00735AF7 /* chatsView.swift in Sources */,
				D87B9BF82879E14700E2D3EF /* formManage.swift in Sources */,
				D87E300F2860DB1C00735AF7 /* ArcForClock.swift in Sources */,
				D8C22B0D28DCA5B5005CA6AE /* GraphingView.swift in Sources */,
				D8D7883C29568B6000BFBD34 /* testModel.xcdatamodeld in Sources */,
				D87E2FDC2859141700735AF7 /* homeView.swift in Sources */,
				D8B1B3912947A2F10079140E /* contentzView.swift in Sources */,
				D8B83C0F2976F139003C6671 /* todoentryView.swift in Sources */,
				D88973A529080AD80023B18C /* heartGraphView.swift in Sources */,
				D87B9BEE2874B79B00E2D3EF /* botView.swift in Sources */,
				D88AF79728A27234009A961C /* testingarrayView.swift in Sources */,
				D8D788332956841100BFBD34 /* ToDoItem.swift in Sources */,
				D88AF7A728AAEDD2009A961C /* Step.swift in Sources */,
				D88AF7A328AAEB2D009A961C /* distanceDataView.swift in Sources */,
				D8B83C0B2976DCCB003C6671 /* dataController.swift in Sources */,
				D87E3003285CDB0700735AF7 /* ChatStore.swift in Sources */,
				D87E2FED2859156900735AF7 /* ChatProgressViewStyle.swift in Sources */,
				D87E3005285E34DF00735AF7 /* circleImageDos.swift in Sources */,
				D88AF7A128AAE94D009A961C /* HealthInfoStore.swift in Sources */,
				D87E3011286675DE00735AF7 /* SpeechRecognizer.swift in Sources */,
				D8C22B0B28DCA467005CA6AE /* Mile.swift in Sources */,
				D87B9BFC287A01CD00E2D3EF /* loginFormManager.swift in Sources */,
				D8B83C112976FA69003C6671 /* fgRatingView.swift in Sources */,
				D88973A329080A430023B18C /* heart.swift in Sources */,
				D87E2FEF285915BC00735AF7 /* TILS.swift in Sources */,
				D87E2FE92859150800735AF7 /* AVPlayer+Ding.swift in Sources */,
				D8FB225B2997C84900B85680 /* testmlView.swift in Sources */,
				D87E2FFF285916DD00735AF7 /* MeetingFooterView.swift in Sources */,
				D8D788352956843200BFBD34 /* SceneDelegate.swift in Sources */,
				D87B9BF02874BA4200E2D3EF /* botResponse.swift in Sources */,
				D87E300D2860D7BE00735AF7 /* ClockView.swift in Sources */,
				D87E2FF52859163100735AF7 /* DetailView.swift in Sources */,
				D87B9BE1287369E100E2D3EF /* SettingsView.swift in Sources */,
				D87E2FE5285914B500735AF7 /* Theme.swift in Sources */,
				D88AF79E28AAE6C3009A961C /* cameraView.swift in Sources */,
				D88973AD290883090023B18C /* calorieGraphView.swift in Sources */,
				D88AF79928A272F3009A961C /* testingeditView.swift in Sources */,
				D8B1B394294937A80079140E /* APICall.swift in Sources */,
				D8C22B0928DCA40E005CA6AE /* moveDataView.swift in Sources */,
			);
			runOnlyForDeploymentPostprocessing = 0;
		};
		D8C22BD428DD2177005CA6AE /* Sources */ = {
			isa = PBXSourcesBuildPhase;
			buildActionMask = 2147483647;
			files = (
				D8C22BDD28DD2177005CA6AE /* ContentView.swift in Sources */,
				D8C22BDB28DD2177005CA6AE /* Rewind_WatchApp.swift in Sources */,
			);
			runOnlyForDeploymentPostprocessing = 0;
		};
		D8C22BE328DD217A005CA6AE /* Sources */ = {
			isa = PBXSourcesBuildPhase;
			buildActionMask = 2147483647;
			files = (
				D8C22BEC28DD217A005CA6AE /* Rewind_Watch_Watch_AppTests.swift in Sources */,
			);
			runOnlyForDeploymentPostprocessing = 0;
		};
		D8C22BED28DD217A005CA6AE /* Sources */ = {
			isa = PBXSourcesBuildPhase;
			buildActionMask = 2147483647;
			files = (
				D8C22BF628DD217B005CA6AE /* Rewind_Watch_Watch_AppUITests.swift in Sources */,
				D8C22BF828DD217B005CA6AE /* Rewind_Watch_Watch_AppUITestsLaunchTests.swift in Sources */,
			);
			runOnlyForDeploymentPostprocessing = 0;
		};
/* End PBXSourcesBuildPhase section */

/* Begin PBXTargetDependency section */
		D8C22BE928DD217A005CA6AE /* PBXTargetDependency */ = {
			isa = PBXTargetDependency;
			target = D8C22BD728DD2177005CA6AE /* Rewind_Watch Watch App */;
			targetProxy = D8C22BE828DD217A005CA6AE /* PBXContainerItemProxy */;
		};
		D8C22BF328DD217A005CA6AE /* PBXTargetDependency */ = {
			isa = PBXTargetDependency;
			target = D8C22BD728DD2177005CA6AE /* Rewind_Watch Watch App */;
			targetProxy = D8C22BF228DD217A005CA6AE /* PBXContainerItemProxy */;
		};
/* End PBXTargetDependency section */

/* Begin XCBuildConfiguration section */
		D87E2FD5285913C200735AF7 /* Debug */ = {
			isa = XCBuildConfiguration;
			buildSettings = {
				ALWAYS_SEARCH_USER_PATHS = NO;
				CLANG_ANALYZER_NONNULL = YES;
				CLANG_ANALYZER_NUMBER_OBJECT_CONVERSION = YES_AGGRESSIVE;
				CLANG_CXX_LANGUAGE_STANDARD = "gnu++17";
				CLANG_ENABLE_MODULES = YES;
				CLANG_ENABLE_OBJC_ARC = YES;
				CLANG_ENABLE_OBJC_WEAK = YES;
				CLANG_WARN_BLOCK_CAPTURE_AUTORELEASING = YES;
				CLANG_WARN_BOOL_CONVERSION = YES;
				CLANG_WARN_COMMA = YES;
				CLANG_WARN_CONSTANT_CONVERSION = YES;
				CLANG_WARN_DEPRECATED_OBJC_IMPLEMENTATIONS = YES;
				CLANG_WARN_DIRECT_OBJC_ISA_USAGE = YES_ERROR;
				CLANG_WARN_DOCUMENTATION_COMMENTS = YES;
				CLANG_WARN_EMPTY_BODY = YES;
				CLANG_WARN_ENUM_CONVERSION = YES;
				CLANG_WARN_INFINITE_RECURSION = YES;
				CLANG_WARN_INT_CONVERSION = YES;
				CLANG_WARN_NON_LITERAL_NULL_CONVERSION = YES;
				CLANG_WARN_OBJC_IMPLICIT_RETAIN_SELF = YES;
				CLANG_WARN_OBJC_LITERAL_CONVERSION = YES;
				CLANG_WARN_OBJC_ROOT_CLASS = YES_ERROR;
				CLANG_WARN_QUOTED_INCLUDE_IN_FRAMEWORK_HEADER = YES;
				CLANG_WARN_RANGE_LOOP_ANALYSIS = YES;
				CLANG_WARN_STRICT_PROTOTYPES = YES;
				CLANG_WARN_SUSPICIOUS_MOVE = YES;
				CLANG_WARN_UNGUARDED_AVAILABILITY = YES_AGGRESSIVE;
				CLANG_WARN_UNREACHABLE_CODE = YES;
				CLANG_WARN__DUPLICATE_METHOD_MATCH = YES;
				COPY_PHASE_STRIP = NO;
				DEBUG_INFORMATION_FORMAT = dwarf;
				ENABLE_STRICT_OBJC_MSGSEND = YES;
				ENABLE_TESTABILITY = YES;
				GCC_C_LANGUAGE_STANDARD = gnu11;
				GCC_DYNAMIC_NO_PIC = NO;
				GCC_NO_COMMON_BLOCKS = YES;
				GCC_OPTIMIZATION_LEVEL = 0;
				GCC_PREPROCESSOR_DEFINITIONS = (
					"DEBUG=1",
					"$(inherited)",
				);
				GCC_WARN_64_TO_32_BIT_CONVERSION = YES;
				GCC_WARN_ABOUT_RETURN_TYPE = YES_ERROR;
				GCC_WARN_UNDECLARED_SELECTOR = YES;
				GCC_WARN_UNINITIALIZED_AUTOS = YES_AGGRESSIVE;
				GCC_WARN_UNUSED_FUNCTION = YES;
				GCC_WARN_UNUSED_VARIABLE = YES;
				GENERATE_INFOPLIST_FILE = YES;
				IPHONEOS_DEPLOYMENT_TARGET = 16.0;
				MTL_ENABLE_DEBUG_INFO = INCLUDE_SOURCE;
				MTL_FAST_MATH = YES;
				ONLY_ACTIVE_ARCH = YES;
				SDKROOT = iphoneos;
				SWIFT_ACTIVE_COMPILATION_CONDITIONS = DEBUG;
				SWIFT_OPTIMIZATION_LEVEL = "-Onone";
			};
			name = Debug;
		};
		D87E2FD6285913C200735AF7 /* Release */ = {
			isa = XCBuildConfiguration;
			buildSettings = {
				ALWAYS_SEARCH_USER_PATHS = NO;
				CLANG_ANALYZER_NONNULL = YES;
				CLANG_ANALYZER_NUMBER_OBJECT_CONVERSION = YES_AGGRESSIVE;
				CLANG_CXX_LANGUAGE_STANDARD = "gnu++17";
				CLANG_ENABLE_MODULES = YES;
				CLANG_ENABLE_OBJC_ARC = YES;
				CLANG_ENABLE_OBJC_WEAK = YES;
				CLANG_WARN_BLOCK_CAPTURE_AUTORELEASING = YES;
				CLANG_WARN_BOOL_CONVERSION = YES;
				CLANG_WARN_COMMA = YES;
				CLANG_WARN_CONSTANT_CONVERSION = YES;
				CLANG_WARN_DEPRECATED_OBJC_IMPLEMENTATIONS = YES;
				CLANG_WARN_DIRECT_OBJC_ISA_USAGE = YES_ERROR;
				CLANG_WARN_DOCUMENTATION_COMMENTS = YES;
				CLANG_WARN_EMPTY_BODY = YES;
				CLANG_WARN_ENUM_CONVERSION = YES;
				CLANG_WARN_INFINITE_RECURSION = YES;
				CLANG_WARN_INT_CONVERSION = YES;
				CLANG_WARN_NON_LITERAL_NULL_CONVERSION = YES;
				CLANG_WARN_OBJC_IMPLICIT_RETAIN_SELF = YES;
				CLANG_WARN_OBJC_LITERAL_CONVERSION = YES;
				CLANG_WARN_OBJC_ROOT_CLASS = YES_ERROR;
				CLANG_WARN_QUOTED_INCLUDE_IN_FRAMEWORK_HEADER = YES;
				CLANG_WARN_RANGE_LOOP_ANALYSIS = YES;
				CLANG_WARN_STRICT_PROTOTYPES = YES;
				CLANG_WARN_SUSPICIOUS_MOVE = YES;
				CLANG_WARN_UNGUARDED_AVAILABILITY = YES_AGGRESSIVE;
				CLANG_WARN_UNREACHABLE_CODE = YES;
				CLANG_WARN__DUPLICATE_METHOD_MATCH = YES;
				COPY_PHASE_STRIP = NO;
				DEBUG_INFORMATION_FORMAT = "dwarf-with-dsym";
				ENABLE_NS_ASSERTIONS = NO;
				ENABLE_STRICT_OBJC_MSGSEND = YES;
				GCC_C_LANGUAGE_STANDARD = gnu11;
				GCC_NO_COMMON_BLOCKS = YES;
				GCC_WARN_64_TO_32_BIT_CONVERSION = YES;
				GCC_WARN_ABOUT_RETURN_TYPE = YES_ERROR;
				GCC_WARN_UNDECLARED_SELECTOR = YES;
				GCC_WARN_UNINITIALIZED_AUTOS = YES_AGGRESSIVE;
				GCC_WARN_UNUSED_FUNCTION = YES;
				GCC_WARN_UNUSED_VARIABLE = YES;
				GENERATE_INFOPLIST_FILE = YES;
				IPHONEOS_DEPLOYMENT_TARGET = 16.0;
				MTL_ENABLE_DEBUG_INFO = NO;
				MTL_FAST_MATH = YES;
				SDKROOT = iphoneos;
				SWIFT_COMPILATION_MODE = wholemodule;
				SWIFT_OPTIMIZATION_LEVEL = "-O";
				VALIDATE_PRODUCT = YES;
			};
			name = Release;
		};
		D87E2FD8285913C200735AF7 /* Debug */ = {
			isa = XCBuildConfiguration;
			buildSettings = {
				ASSETCATALOG_COMPILER_APPICON_NAME = AppIcon;
				ASSETCATALOG_COMPILER_GLOBAL_ACCENT_COLOR_NAME = AccentColor;
				CODE_SIGN_ENTITLEMENTS = Kier_Nathan_Rewind/Kier_Nathan_Rewind.entitlements;
				CODE_SIGN_STYLE = Automatic;
				CURRENT_PROJECT_VERSION = 1;
				DEVELOPMENT_ASSET_PATHS = "\"Kier_Nathan_Rewind/Preview Content\"";
				DEVELOPMENT_TEAM = "";
				ENABLE_PREVIEWS = YES;
				GENERATE_INFOPLIST_FILE = YES;
				INFOPLIST_KEY_NSHealthClinicalHealthRecordsShareUsageDescription = "AppExamples wants to access your health data in order to analyze your health and best advice";
				INFOPLIST_KEY_NSHealthShareUsageDescription = "AppExamples wants to access your health data in order to analyze your health and best advice";
				INFOPLIST_KEY_NSHealthUpdateUsageDescription = "AppExamples wants to access your health data in order to analyze your health and best advice";
				INFOPLIST_KEY_NSMicrophoneUsageDescription = "audio is recorded in order to transcribe the chat. recordings are then discarded.";
				INFOPLIST_KEY_NSSpeechRecognitionUsageDescription = "You can view a textual description of your chat";
				INFOPLIST_KEY_UIApplicationSceneManifest_Generation = YES;
				INFOPLIST_KEY_UIApplicationSupportsIndirectInputEvents = YES;
				INFOPLIST_KEY_UILaunchScreen_Generation = YES;
				INFOPLIST_KEY_UISupportedInterfaceOrientations_iPad = "UIInterfaceOrientationPortrait UIInterfaceOrientationPortraitUpsideDown UIInterfaceOrientationLandscapeLeft UIInterfaceOrientationLandscapeRight";
				INFOPLIST_KEY_UISupportedInterfaceOrientations_iPhone = "UIInterfaceOrientationPortrait UIInterfaceOrientationLandscapeLeft UIInterfaceOrientationLandscapeRight";
				LD_RUNPATH_SEARCH_PATHS = (
					"$(inherited)",
					"@executable_path/Frameworks",
				);
				MARKETING_VERSION = 1.0;
				PRODUCT_BUNDLE_IDENTIFIER = "GCU.Kier-Nathan-Rewind";
				PRODUCT_NAME = "$(TARGET_NAME)";
				SWIFT_EMIT_LOC_STRINGS = YES;
				SWIFT_VERSION = 5.0;
				TARGETED_DEVICE_FAMILY = "1,2";
			};
			name = Debug;
		};
		D87E2FD9285913C200735AF7 /* Release */ = {
			isa = XCBuildConfiguration;
			buildSettings = {
				ASSETCATALOG_COMPILER_APPICON_NAME = AppIcon;
				ASSETCATALOG_COMPILER_GLOBAL_ACCENT_COLOR_NAME = AccentColor;
				CODE_SIGN_ENTITLEMENTS = Kier_Nathan_Rewind/Kier_Nathan_Rewind.entitlements;
				CODE_SIGN_STYLE = Automatic;
				CURRENT_PROJECT_VERSION = 1;
				DEVELOPMENT_ASSET_PATHS = "\"Kier_Nathan_Rewind/Preview Content\"";
				DEVELOPMENT_TEAM = "";
				ENABLE_PREVIEWS = YES;
				GENERATE_INFOPLIST_FILE = YES;
				INFOPLIST_KEY_NSHealthClinicalHealthRecordsShareUsageDescription = "AppExamples wants to access your health data in order to analyze your health and best advice";
				INFOPLIST_KEY_NSHealthShareUsageDescription = "AppExamples wants to access your health data in order to analyze your health and best advice";
				INFOPLIST_KEY_NSHealthUpdateUsageDescription = "AppExamples wants to access your health data in order to analyze your health and best advice";
				INFOPLIST_KEY_NSMicrophoneUsageDescription = "audio is recorded in order to transcribe the chat. recordings are then discarded.";
				INFOPLIST_KEY_NSSpeechRecognitionUsageDescription = "You can view a textual description of your chat";
				INFOPLIST_KEY_UIApplicationSceneManifest_Generation = YES;
				INFOPLIST_KEY_UIApplicationSupportsIndirectInputEvents = YES;
				INFOPLIST_KEY_UILaunchScreen_Generation = YES;
				INFOPLIST_KEY_UISupportedInterfaceOrientations_iPad = "UIInterfaceOrientationPortrait UIInterfaceOrientationPortraitUpsideDown UIInterfaceOrientationLandscapeLeft UIInterfaceOrientationLandscapeRight";
				INFOPLIST_KEY_UISupportedInterfaceOrientations_iPhone = "UIInterfaceOrientationPortrait UIInterfaceOrientationLandscapeLeft UIInterfaceOrientationLandscapeRight";
				LD_RUNPATH_SEARCH_PATHS = (
					"$(inherited)",
					"@executable_path/Frameworks",
				);
				MARKETING_VERSION = 1.0;
				PRODUCT_BUNDLE_IDENTIFIER = "GCU.Kier-Nathan-Rewind";
				PRODUCT_NAME = "$(TARGET_NAME)";
				SWIFT_EMIT_LOC_STRINGS = YES;
				SWIFT_VERSION = 5.0;
				TARGETED_DEVICE_FAMILY = "1,2";
			};
			name = Release;
		};
		D8C22BFA28DD217B005CA6AE /* Debug */ = {
			isa = XCBuildConfiguration;
			buildSettings = {
				ASSETCATALOG_COMPILER_APPICON_NAME = AppIcon;
				ASSETCATALOG_COMPILER_GLOBAL_ACCENT_COLOR_NAME = AccentColor;
				CLANG_CXX_LANGUAGE_STANDARD = "gnu++20";
				CODE_SIGN_STYLE = Automatic;
				CURRENT_PROJECT_VERSION = 1;
				DEVELOPMENT_ASSET_PATHS = "\"Rewind_Watch Watch App/Preview Content\"";
				ENABLE_PREVIEWS = YES;
				GENERATE_INFOPLIST_FILE = YES;
				INFOPLIST_KEY_CFBundleDisplayName = Rewind_Watch;
				INFOPLIST_KEY_UISupportedInterfaceOrientations = "UIInterfaceOrientationPortrait UIInterfaceOrientationPortraitUpsideDown";
				INFOPLIST_KEY_WKCompanionAppBundleIdentifier = "";
				LD_RUNPATH_SEARCH_PATHS = (
					"$(inherited)",
					"@executable_path/Frameworks",
				);
				MARKETING_VERSION = 1.0;
				PRODUCT_BUNDLE_IDENTIFIER = .watchkitapp;
				PRODUCT_NAME = "$(TARGET_NAME)";
				SDKROOT = watchos;
				SKIP_INSTALL = YES;
				SWIFT_EMIT_LOC_STRINGS = YES;
				SWIFT_VERSION = 5.0;
				TARGETED_DEVICE_FAMILY = 4;
				WATCHOS_DEPLOYMENT_TARGET = 9.0;
			};
			name = Debug;
		};
		D8C22BFB28DD217B005CA6AE /* Release */ = {
			isa = XCBuildConfiguration;
			buildSettings = {
				ASSETCATALOG_COMPILER_APPICON_NAME = AppIcon;
				ASSETCATALOG_COMPILER_GLOBAL_ACCENT_COLOR_NAME = AccentColor;
				CLANG_CXX_LANGUAGE_STANDARD = "gnu++20";
				CODE_SIGN_STYLE = Automatic;
				CURRENT_PROJECT_VERSION = 1;
				DEVELOPMENT_ASSET_PATHS = "\"Rewind_Watch Watch App/Preview Content\"";
				ENABLE_PREVIEWS = YES;
				GENERATE_INFOPLIST_FILE = YES;
				INFOPLIST_KEY_CFBundleDisplayName = Rewind_Watch;
				INFOPLIST_KEY_UISupportedInterfaceOrientations = "UIInterfaceOrientationPortrait UIInterfaceOrientationPortraitUpsideDown";
				INFOPLIST_KEY_WKCompanionAppBundleIdentifier = "";
				LD_RUNPATH_SEARCH_PATHS = (
					"$(inherited)",
					"@executable_path/Frameworks",
				);
				MARKETING_VERSION = 1.0;
				PRODUCT_BUNDLE_IDENTIFIER = .watchkitapp;
				PRODUCT_NAME = "$(TARGET_NAME)";
				SDKROOT = watchos;
				SKIP_INSTALL = YES;
				SWIFT_EMIT_LOC_STRINGS = YES;
				SWIFT_VERSION = 5.0;
				TARGETED_DEVICE_FAMILY = 4;
				WATCHOS_DEPLOYMENT_TARGET = 9.0;
			};
			name = Release;
		};
		D8C22BFD28DD217B005CA6AE /* Debug */ = {
			isa = XCBuildConfiguration;
			buildSettings = {
				ALWAYS_EMBED_SWIFT_STANDARD_LIBRARIES = YES;
				BUNDLE_LOADER = "$(TEST_HOST)";
				CLANG_CXX_LANGUAGE_STANDARD = "gnu++20";
				CODE_SIGN_STYLE = Automatic;
				CURRENT_PROJECT_VERSION = 1;
				GENERATE_INFOPLIST_FILE = YES;
				MARKETING_VERSION = 1.0;
				PRODUCT_BUNDLE_IDENTIFIER = "GCU.Rewind-Watch-Watch-AppTests";
				PRODUCT_NAME = "$(TARGET_NAME)";
				SDKROOT = watchos;
				SWIFT_EMIT_LOC_STRINGS = NO;
				SWIFT_VERSION = 5.0;
				TARGETED_DEVICE_FAMILY = 4;
				TEST_HOST = "$(BUILT_PRODUCTS_DIR)/Rewind_Watch Watch App.app/$(BUNDLE_EXECUTABLE_FOLDER_PATH)/Rewind_Watch Watch App";
				WATCHOS_DEPLOYMENT_TARGET = 9.0;
			};
			name = Debug;
		};
		D8C22BFE28DD217B005CA6AE /* Release */ = {
			isa = XCBuildConfiguration;
			buildSettings = {
				ALWAYS_EMBED_SWIFT_STANDARD_LIBRARIES = YES;
				BUNDLE_LOADER = "$(TEST_HOST)";
				CLANG_CXX_LANGUAGE_STANDARD = "gnu++20";
				CODE_SIGN_STYLE = Automatic;
				CURRENT_PROJECT_VERSION = 1;
				GENERATE_INFOPLIST_FILE = YES;
				MARKETING_VERSION = 1.0;
				PRODUCT_BUNDLE_IDENTIFIER = "GCU.Rewind-Watch-Watch-AppTests";
				PRODUCT_NAME = "$(TARGET_NAME)";
				SDKROOT = watchos;
				SWIFT_EMIT_LOC_STRINGS = NO;
				SWIFT_VERSION = 5.0;
				TARGETED_DEVICE_FAMILY = 4;
				TEST_HOST = "$(BUILT_PRODUCTS_DIR)/Rewind_Watch Watch App.app/$(BUNDLE_EXECUTABLE_FOLDER_PATH)/Rewind_Watch Watch App";
				WATCHOS_DEPLOYMENT_TARGET = 9.0;
			};
			name = Release;
		};
		D8C22C0028DD217B005CA6AE /* Debug */ = {
			isa = XCBuildConfiguration;
			buildSettings = {
				ALWAYS_EMBED_SWIFT_STANDARD_LIBRARIES = YES;
				CLANG_CXX_LANGUAGE_STANDARD = "gnu++20";
				CODE_SIGN_STYLE = Automatic;
				CURRENT_PROJECT_VERSION = 1;
				DEVELOPMENT_TEAM = GZ69AQFF9N;
				GENERATE_INFOPLIST_FILE = YES;
				MARKETING_VERSION = 1.0;
				PRODUCT_BUNDLE_IDENTIFIER = "GCU.Rewind-Watch-Watch-AppUITests";
				PRODUCT_NAME = "$(TARGET_NAME)";
				SDKROOT = watchos;
				SWIFT_EMIT_LOC_STRINGS = NO;
				SWIFT_VERSION = 5.0;
				TARGETED_DEVICE_FAMILY = 4;
				TEST_TARGET_NAME = "Rewind_Watch Watch App";
				WATCHOS_DEPLOYMENT_TARGET = 9.0;
			};
			name = Debug;
		};
		D8C22C0128DD217B005CA6AE /* Release */ = {
			isa = XCBuildConfiguration;
			buildSettings = {
				ALWAYS_EMBED_SWIFT_STANDARD_LIBRARIES = YES;
				CLANG_CXX_LANGUAGE_STANDARD = "gnu++20";
				CODE_SIGN_STYLE = Automatic;
				CURRENT_PROJECT_VERSION = 1;
				DEVELOPMENT_TEAM = GZ69AQFF9N;
				GENERATE_INFOPLIST_FILE = YES;
				MARKETING_VERSION = 1.0;
				PRODUCT_BUNDLE_IDENTIFIER = "GCU.Rewind-Watch-Watch-AppUITests";
				PRODUCT_NAME = "$(TARGET_NAME)";
				SDKROOT = watchos;
				SWIFT_EMIT_LOC_STRINGS = NO;
				SWIFT_VERSION = 5.0;
				TARGETED_DEVICE_FAMILY = 4;
				TEST_TARGET_NAME = "Rewind_Watch Watch App";
				WATCHOS_DEPLOYMENT_TARGET = 9.0;
			};
			name = Release;
		};
/* End XCBuildConfiguration section */

/* Begin XCConfigurationList section */
		D87E2FC4285913C000735AF7 /* Build configuration list for PBXProject "Kier_Nathan_Rewind" */ = {
			isa = XCConfigurationList;
			buildConfigurations = (
				D87E2FD5285913C200735AF7 /* Debug */,
				D87E2FD6285913C200735AF7 /* Release */,
			);
			defaultConfigurationIsVisible = 0;
			defaultConfigurationName = Release;
		};
		D87E2FD7285913C200735AF7 /* Build configuration list for PBXNativeTarget "Kier_Nathan_Rewind" */ = {
			isa = XCConfigurationList;
			buildConfigurations = (
				D87E2FD8285913C200735AF7 /* Debug */,
				D87E2FD9285913C200735AF7 /* Release */,
			);
			defaultConfigurationIsVisible = 0;
			defaultConfigurationName = Release;
		};
		D8C22BF928DD217B005CA6AE /* Build configuration list for PBXNativeTarget "Rewind_Watch Watch App" */ = {
			isa = XCConfigurationList;
			buildConfigurations = (
				D8C22BFA28DD217B005CA6AE /* Debug */,
				D8C22BFB28DD217B005CA6AE /* Release */,
			);
			defaultConfigurationIsVisible = 0;
			defaultConfigurationName = Release;
		};
		D8C22BFC28DD217B005CA6AE /* Build configuration list for PBXNativeTarget "Rewind_Watch Watch AppTests" */ = {
			isa = XCConfigurationList;
			buildConfigurations = (
				D8C22BFD28DD217B005CA6AE /* Debug */,
				D8C22BFE28DD217B005CA6AE /* Release */,
			);
			defaultConfigurationIsVisible = 0;
			defaultConfigurationName = Release;
		};
		D8C22BFF28DD217B005CA6AE /* Build configuration list for PBXNativeTarget "Rewind_Watch Watch AppUITests" */ = {
			isa = XCConfigurationList;
			buildConfigurations = (
				D8C22C0028DD217B005CA6AE /* Debug */,
				D8C22C0128DD217B005CA6AE /* Release */,
			);
			defaultConfigurationIsVisible = 0;
			defaultConfigurationName = Release;
		};
/* End XCConfigurationList section */

/* Begin XCRemoteSwiftPackageReference section */
		D8B1B39529493A280079140E /* XCRemoteSwiftPackageReference "OpenAISwift" */ = {
			isa = XCRemoteSwiftPackageReference;
			repositoryURL = "https://github.com/adamrushy/OpenAISwift";
			requirement = {
				kind = upToNextMajorVersion;
				minimumVersion = 1.0.0;
			};
		};
/* End XCRemoteSwiftPackageReference section */

/* Begin XCSwiftPackageProductDependency section */
		D8B1B39629493A280079140E /* OpenAISwift */ = {
			isa = XCSwiftPackageProductDependency;
			package = D8B1B39529493A280079140E /* XCRemoteSwiftPackageReference "OpenAISwift" */;
			productName = OpenAISwift;
		};
/* End XCSwiftPackageProductDependency section */

/* Begin XCVersionGroup section */
		D8D7883A29568B6000BFBD34 /* testModel.xcdatamodeld */ = {
			isa = XCVersionGroup;
			children = (
				D8D7883B29568B6000BFBD34 /* testModel.xcdatamodel */,
			);
			currentVersion = D8D7883B29568B6000BFBD34 /* testModel.xcdatamodel */;
			path = testModel.xcdatamodeld;
			sourceTree = "<group>";
			versionGroupType = wrapper.xcdatamodel;
		};
/* End XCVersionGroup section */
	};
	rootObject = D87E2FC1285913C000735AF7 /* Project object */;
}
